version: 1.0
shards:
  baked_file_system:
    github: schovi/baked_file_system
    commit: e1447549d5ac0560720fae62179b2f2c62c9bfd1

  crest:
    github: mamantoha/crest
    version: 0.14.0

  exception_page:
    github: crystal-loot/exception_page
    version: 0.1.1

  kemal:
    github: kemalcr/kemal
    commit: b389022b35202319b59396f30b3cac87fd8d393a

  kemal-csrf:
    github: kemalcr/kemal-csrf
    version: 0.5.0

  kemal-session:
    github: kemalcr/kemal-session
    commit: bc720cca9c27e391b4b3fc32ae7cc23f4d3f3fdc

  kilt:
    github: jeromegn/kilt
    version: 0.4.0

  minitest:
    github: ysbaddaden/minitest.cr
    version: 0.4.0

  pool:
    github: ysbaddaden/pool
    version: 0.2.3

  radix:
    github: luislavena/radix
    version: 0.3.8

  redis:
    github: stefanwille/crystal-redis
    version: 2.1.1

  sidekiq:
    github: mperham/sidekiq.cr
    commit: 21a62da8db787597abd0ebea183112a52bdfd2ff

  telegram_bot:
    github: hangyas/telegram_bot
    commit: 722bab24876d13a661f513b09c4569916f7a81c1

